
Microsoft Visual Studio Solution File, Format Version 12.00
# Visual Studio Version 17
VisualStudioVersion = 17.0.31903.59
MinimumVisualStudioVersion = 10.0.40219.1
Project("{FAE04EC0-301F-11D3-BF4B-00C04F79EFBC}") = "HorsesForCourses.Core", "HorsesForCourses.Core\HorsesForCourses.Core.csproj", "{E045C4F9-F6D9-4DAF-B01C-598FA6FC6105}"
EndProject
Project("{FAE04EC0-301F-11D3-BF4B-00C04F79EFBC}") = "HorsesForCourses.Tests", "HorsesForCourses.Tests\HorsesForCourses.Tests.csproj", "{57ADC42F-7FFF-490C-BDF1-96E34554A146}"
EndProject
Project("{FAE04EC0-301F-11D3-BF4B-00C04F79EFBC}") = "HorsesForCourses.WebApi", "HorsesForCourses.WebApi\HorsesForCourses.WebApi.csproj", "{BF6079C5-3162-43A9-86C4-1F38BAD83A8C}"
EndProject
Global
	GlobalSection(SolutionConfigurationPlatforms) = preSolution
		Debug|Any CPU = Debug|Any CPU
		Release|Any CPU = Release|Any CPU
	EndGlobalSection
	GlobalSection(SolutionProperties) = preSolution
		HideSolutionNode = FALSE
	EndGlobalSection
	GlobalSection(ProjectConfigurationPlatforms) = postSolution
		{E045C4F9-F6D9-4DAF-B01C-598FA6FC6105}.Debug|Any CPU.ActiveCfg = Debug|Any CPU
		{E045C4F9-F6D9-4DAF-B01C-598FA6FC6105}.Debug|Any CPU.Build.0 = Debug|Any CPU
		{E045C4F9-F6D9-4DAF-B01C-598FA6FC6105}.Release|Any CPU.ActiveCfg = Release|Any CPU
		{E045C4F9-F6D9-4DAF-B01C-598FA6FC6105}.Release|Any CPU.Build.0 = Release|Any CPU
		{57ADC42F-7FFF-490C-BDF1-96E34554A146}.Debug|Any CPU.ActiveCfg = Debug|Any CPU
		{57ADC42F-7FFF-490C-BDF1-96E34554A146}.Debug|Any CPU.Build.0 = Debug|Any CPU
		{57ADC42F-7FFF-490C-BDF1-96E34554A146}.Release|Any CPU.ActiveCfg = Release|Any CPU
		{57ADC42F-7FFF-490C-BDF1-96E34554A146}.Release|Any CPU.Build.0 = Release|Any CPU
		{BF6079C5-3162-43A9-86C4-1F38BAD83A8C}.Debug|Any CPU.ActiveCfg = Debug|Any CPU
		{BF6079C5-3162-43A9-86C4-1F38BAD83A8C}.Debug|Any CPU.Build.0 = Debug|Any CPU
		{BF6079C5-3162-43A9-86C4-1F38BAD83A8C}.Release|Any CPU.ActiveCfg = Release|Any CPU
		{BF6079C5-3162-43A9-86C4-1F38BAD83A8C}.Release|Any CPU.Build.0 = Release|Any CPU
	EndGlobalSection
EndGlobal
